// !$*UTF8*$!
{
	archiveVersion = 1;
	classes = {
	};
	objectVersion = 71;
	objects = {

/* Begin PBXBuildFile section */
		A10000000000000000000001 /* SPCPCalendarApp.swift in Sources */ = {isa = PBXBuildFile; fileRef = A20000000000000000000001 /* SPCPCalendarApp.swift */; };
		A10000000000000000000002 /* CalendarStore.swift in Sources */ = {isa = PBXBuildFile; fileRef = A20000000000000000000002 /* CalendarStore.swift */; };
		A10000000000000000000003 /* CalendarView.swift in Sources */ = {isa = PBXBuildFile; fileRef = A20000000000000000000003 /* CalendarView.swift */; };
		A10000000000000000000004 /* FilterView.swift in Sources */ = {isa = PBXBuildFile; fileRef = A20000000000000000000004 /* FilterView.swift */; };
		A10000000000000000000005 /* CalendarModels.swift in Sources */ = {isa = PBXBuildFile; fileRef = A20000000000000000000005 /* CalendarModels.swift */; };
		A10000000000000000000006 /* CalendarFiltering.swift in Sources */ = {isa = PBXBuildFile; fileRef = A20000000000000000000006 /* CalendarFiltering.swift */; };
		A10000000000000000000007 /* CalendarRepository.swift in Sources */ = {isa = PBXBuildFile; fileRef = A20000000000000000000007 /* CalendarRepository.swift */; };
/* End PBXBuildFile section */

/* Begin PBXFileReference section */
		A20000000000000000000000 /* SPCPCalendar.app */ = {isa = PBXFileReference; explicitFileType = wrapper.application; path = SPCPCalendar.app; sourceTree = BUILT_PRODUCTS_DIR; };
		A20000000000000000000001 /* SPCPCalendarApp.swift */ = {isa = PBXFileReference; lastKnownFileType = sourcecode.swift; path = SPCPCalendarApp.swift; sourceTree = "<group>"; };
		A20000000000000000000002 /* CalendarStore.swift */ = {isa = PBXFileReference; lastKnownFileType = sourcecode.swift; path = CalendarStore.swift; sourceTree = "<group>"; };
		A20000000000000000000003 /* CalendarView.swift */ = {isa = PBXFileReference; lastKnownFileType = sourcecode.swift; path = CalendarView.swift; sourceTree = "<group>"; };
		A20000000000000000000004 /* FilterView.swift */ = {isa = PBXFileReference; lastKnownFileType = sourcecode.swift; path = FilterView.swift; sourceTree = "<group>"; };
		A20000000000000000000005 /* CalendarModels.swift */ = {isa = PBXFileReference; lastKnownFileType = sourcecode.swift; name = CalendarModels.swift; path = SPCPCalendarCore/Sources/SPCPCalendarCore/CalendarModels.swift; sourceTree = "<group>"; };
		A20000000000000000000006 /* CalendarFiltering.swift */ = {isa = PBXFileReference; lastKnownFileType = sourcecode.swift; name = CalendarFiltering.swift; path = SPCPCalendarCore/Sources/SPCPCalendarCore/CalendarFiltering.swift; sourceTree = "<group>"; };
		A20000000000000000000007 /* CalendarRepository.swift */ = {isa = PBXFileReference; lastKnownFileType = sourcecode.swift; name = CalendarRepository.swift; path = SPCPCalendarCore/Sources/SPCPCalendarCore/CalendarRepository.swift; sourceTree = "<group>"; };
		A20000000000000000000008 /* Config/Debug.xcconfig */ = {isa = PBXFileReference; lastKnownFileType = text.xcconfig; path = Config/Debug.xcconfig; sourceTree = "<group>"; };
		A20000000000000000000009 /* Config/Release.xcconfig */ = {isa = PBXFileReference; lastKnownFileType = text.xcconfig; path = Config/Release.xcconfig; sourceTree = "<group>"; };
/* End PBXFileReference section */

/* Begin PBXFrameworksBuildPhase section */
		A30000000000000000000001 /* Frameworks */ = {
			isa = PBXFrameworksBuildPhase;
			buildActionMask = 2147483647;
			files = (
			);
			runOnlyForDeploymentPostprocessing = 0;
		};
/* End PBXFrameworksBuildPhase section */

/* Begin PBXGroup section */
		A40000000000000000000000 = {
			isa = PBXGroup;
			children = (
				A40000000000000000000001 /* SPCPCalendar */,
				A40000000000000000000002 /* Core */,
				A20000000000000000000008 /* Config/Debug.xcconfig */,
				A20000000000000000000009 /* Config/Release.xcconfig */,
				A40000000000000000000003 /* Products */,
			);
			sourceTree = "<group>";
		};
		A40000000000000000000001 /* SPCPCalendar */ = {
			isa = PBXGroup;
			children = (
				A20000000000000000000001 /* SPCPCalendarApp.swift */,
				A20000000000000000000002 /* CalendarStore.swift */,
				A20000000000000000000003 /* CalendarView.swift */,
				A20000000000000000000004 /* FilterView.swift */,
			);
			path = SPCPCalendar;
			sourceTree = "<group>";
		};
		A40000000000000000000002 /* Core */ = {
			isa = PBXGroup;
			children = (
				A20000000000000000000005 /* CalendarModels.swift */,
				A20000000000000000000006 /* CalendarFiltering.swift */,
				A20000000000000000000007 /* CalendarRepository.swift */,
			);
			name = Core;
			sourceTree = "<group>";
		};
		A40000000000000000000003 /* Products */ = {
			isa = PBXGroup;
			children = (
				A20000000000000000000000 /* SPCPCalendar.app */,
			);
			name = Products;
			sourceTree = "<group>";
		};
/* End PBXGroup section */

/* Begin PBXNativeTarget section */
		A50000000000000000000001 /* SPCPCalendar */ = {
			isa = PBXNativeTarget;
			buildConfigurationList = A90000000000000000000001 /* Build configuration list for PBXNativeTarget "SPCPCalendar" */;
			buildPhases = (
				A60000000000000000000001 /* Sources */,
				A30000000000000000000001 /* Frameworks */,
				A70000000000000000000001 /* Resources */,
			);
			buildRules = (
			);
			dependencies = (
			);
			name = SPCPCalendar;
			productName = SPCPCalendar;
			productReference = A20000000000000000000000 /* SPCPCalendar.app */;
			productType = "com.apple.product-type.application";
		};
/* End PBXNativeTarget section */

/* Begin PBXProject section */
		A80000000000000000000001 /* Project object */ = {
			isa = PBXProject;
			attributes = {
				BuildIndependentTargetsInParallel = 1;
				LastSwiftUpdateCheck = 2650;
				LastUpgradeCheck = 2650;
				TargetAttributes = {
					A50000000000000000000001 = {
						CreatedOnToolsVersion = 26.5;
					};
				};
			};
			buildConfigurationList = A90000000000000000000002 /* Build configuration list for PBXProject "SPCPCalendar" */;
			compatibilityVersion = "Xcode 16.0";
			developmentRegion = en;
			hasScannedForEncodings = 0;
			knownRegions = (
				en,
				Base,
			);
			mainGroup = A40000000000000000000000;
			productRefGroup = A40000000000000000000003 /* Products */;
			projectDirPath = "";
			projectRoot = "";
			targets = (
				A50000000000000000000001 /* SPCPCalendar */,
			);
		};
/* End PBXProject section */

/* Begin PBXResourcesBuildPhase section */
		A70000000000000000000001 /* Resources */ = {
			isa = PBXResourcesBuildPhase;
			buildActionMask = 2147483647;
			files = (
			);
			runOnlyForDeploymentPostprocessing = 0;
		};
/* End PBXResourcesBuildPhase section */

/* Begin PBXSourcesBuildPhase section */
		A60000000000000000000001 /* Sources */ = {
			isa = PBXSourcesBuildPhase;
			buildActionMask = 2147483647;
			files = (
				A10000000000000000000001 /* SPCPCalendarApp.swift in Sources */,
				A10000000000000000000002 /* CalendarStore.swift in Sources */,
				A10000000000000000000003 /* CalendarView.swift in Sources */,
				A10000000000000000000004 /* FilterView.swift in Sources */,
				A10000000000000000000005 /* CalendarModels.swift in Sources */,
				A10000000000000000000006 /* CalendarFiltering.swift in Sources */,
				A10000000000000000000007 /* CalendarRepository.swift in Sources */,
			);
			runOnlyForDeploymentPostprocessing = 0;
		};
/* End PBXSourcesBuildPhase section */

/* Begin XCBuildConfiguration section */
		AA0000000000000000000001 /* Debug */ = {
			isa = XCBuildConfiguration;
			baseConfigurationReference = A20000000000000000000008 /* Config/Debug.xcconfig */;
			buildSettings = {
				ASSETCATALOG_COMPILER_GENERATE_SWIFT_ASSET_SYMBOL_EXTENSIONS = YES;
				CODE_SIGN_STYLE = Automatic;
				CURRENT_PROJECT_VERSION = 1;
				DEVELOPMENT_TEAM = T93949ZDCT;
				GENERATE_INFOPLIST_FILE = NO;
				INFOPLIST_FILE = SPCPCalendar/Info.plist;
				IPHONEOS_DEPLOYMENT_TARGET = 17.0;
				MARKETING_VERSION = 1.0;
				PRODUCT_BUNDLE_IDENTIFIER = com.spcp.calendar;
				PRODUCT_NAME = "$(TARGET_NAME)";
				SDKROOT = iphoneos;
				SUPPORTED_PLATFORMS = "iphoneos iphonesimulator";
				SWIFT_OPTIMIZATION_LEVEL = "-Onone";
				SWIFT_VERSION = 6.0;
				TARGETED_DEVICE_FAMILY = 1;
			};
			name = Debug;
		};
		AA0000000000000000000002 /* Release */ = {
			isa = XCBuildConfiguration;
			baseConfigurationReference = A20000000000000000000009 /* Config/Release.xcconfig */;
			buildSettings = {
				CODE_SIGN_STYLE = Automatic;
				CURRENT_PROJECT_VERSION = 1;
				DEVELOPMENT_TEAM = T93949ZDCT;
				GENERATE_INFOPLIST_FILE = NO;
				INFOPLIST_FILE = SPCPCalendar/Info.plist;
				IPHONEOS_DEPLOYMENT_TARGET = 17.0;
				MARKETING_VERSION = 1.0;
				PRODUCT_BUNDLE_IDENTIFIER = com.spcp.calendar;
				PRODUCT_NAME = "$(TARGET_NAME)";
				SDKROOT = iphoneos;
				SUPPORTED_PLATFORMS = "iphoneos iphonesimulator";
				SWIFT_COMPILATION_MODE = wholemodule;
				SWIFT_OPTIMIZATION_LEVEL = "-O";
				SWIFT_VERSION = 6.0;
				TARGETED_DEVICE_FAMILY = 1;
			};
			name = Release;
		};
		AA0000000000000000000003 /* Debug */ = {
			isa = XCBuildConfiguration;
			buildSettings = {
				CLANG_ENABLE_MODULES = YES;
				SWIFT_VERSION = 6.0;
			};
			name = Debug;
		};
		AA0000000000000000000004 /* Release */ = {
			isa = XCBuildConfiguration;
			buildSettings = {
				CLANG_ENABLE_MODULES = YES;
				SWIFT_VERSION = 6.0;
			};
			name = Release;
		};
/* End XCBuildConfiguration section */

/* Begin XCConfigurationList section */
		A90000000000000000000001 /* Build configuration list for PBXNativeTarget "SPCPCalendar" */ = {
			isa = XCConfigurationList;
			buildConfigurations = (
				AA0000000000000000000001 /* Debug */,
				AA0000000000000000000002 /* Release */,
			);
			defaultConfigurationIsVisible = 0;
			defaultConfigurationName = Release;
		};
		A90000000000000000000002 /* Build configuration list for PBXProject "SPCPCalendar" */ = {
			isa = XCConfigurationList;
			buildConfigurations = (
				AA0000000000000000000003 /* Debug */,
				AA0000000000000000000004 /* Release */,
			);
			defaultConfigurationIsVisible = 0;
			defaultConfigurationName = Release;
		};
/* End XCConfigurationList section */
	};
	rootObject = A80000000000000000000001 /* Project object */;
}
